PODS:
  - Alamofire (4.9.1)
  - AlertTransition (2.1.0):
    - AlertTransition/Easy (= 2.1.0)
  - AlertTransition/Core (2.1.0)
  - AlertTransition/Easy (2.1.0):
    - AlertTransition/Core
  - BWWalkthrough (4.0.0)
  - ChameleonFramework/Default (2.1.0)
  - ChameleonFramework/Swift (2.1.0):
    - ChameleonFramework/Default
  - Cosmos (20.0.1)
  - MIBadgeButton (0.0.7)
  - ObjectMapper (3.5.1)
  - ReadMoreTextView (3.0.1)
  - Realm (4.3.0):
    - Realm/Headers (= 4.3.0)
  - Realm/Headers (4.3.0)
  - RealmSwift (4.3.0):
    - Realm (= 4.3.0)
  - Reusable (4.1.0):
    - Reusable/Storyboard (= 4.1.0)
    - Reusable/View (= 4.1.0)
  - Reusable/Storyboard (4.1.0)
  - Reusable/View (4.1.0)
  - SCLAlertView (0.8)
  - SDWebImage (5.4.0):
    - SDWebImage/Core (= 5.4.0)
  - SDWebImage/Core (5.4.0)
  - SkeletonView (1.8.2)
  - SnapKit (4.0.1)
  - Then (2.6.0)
  - Toast-Swift (5.0.1)
  - VGPlayer (0.2.0):
    - SnapKit (~> 4.0.0)
  - youtube-ios-player-helper (0.1.6)
  - YoutubeKit (0.4.0)
  - YouTubePlayer-Swift (1.0)

DEPENDENCIES:
  - Alamofire
  - AlertTransition (~> 2.1.0)
  - BWWalkthrough
  - ChameleonFramework/Swift (from `https://github.com/VuCuongHD96/Chameleon`)
  - Cosmos
  - MIBadgeButton
  - ObjectMapper
  - ReadMoreTextView
  - RealmSwift
  - Reusable
  - SCLAlertView
  - SDWebImage
  - SkeletonView
  - SnapKit
  - Then
  - Toast-Swift (~> 5.0.1)
  - VGPlayer
  - youtube-ios-player-helper
  - YoutubeKit
  - YouTubePlayer-Swift

SPEC REPOS:
  trunk:
    - Alamofire
    - AlertTransition
    - BWWalkthrough
    - Cosmos
    - MIBadgeButton
    - ObjectMapper
    - ReadMoreTextView
    - Realm
    - RealmSwift
    - Reusable
    - SCLAlertView
    - SDWebImage
    - SkeletonView
    - SnapKit
    - Then
    - Toast-Swift
    - VGPlayer
    - youtube-ios-player-helper
    - YoutubeKit
    - YouTubePlayer-Swift

EXTERNAL SOURCES:
  ChameleonFramework:
    :git: https://github.com/VuCuongHD96/Chameleon

CHECKOUT OPTIONS:
  ChameleonFramework:
    :commit: 1112e040229778be69258b60a95edd27c046356f
    :git: https://github.com/VuCuongHD96/Chameleon

SPEC CHECKSUMS:
  Alamofire: 85e8a02c69d6020a0d734f6054870d7ecb75cf18
  AlertTransition: a5ebd60b8858b2530be539686bd301ec61e5634f
  BWWalkthrough: 9f46edbd1a145c74f3e5287b01cb4a884c840bf2
  ChameleonFramework: d21a3cc247abfe5e37609a283a8238b03575cf64
  Cosmos: b47fddf2102bb48580cd3025d9ce0a5c658a65da
  MIBadgeButton: 7c34f180a194d152bb3817c05443eab3a01433cd
  ObjectMapper: 70187b8941977c62ccfb423caf6b50be405cabf0
  ReadMoreTextView: 19147adf93abce6d7271e14031a00303fe28720d
  Realm: 9357c3589555793e1860a7104a7412bca4a48d99
  RealmSwift: 402f1e379a8ef82c635313037b043f0f06de880c
  Reusable: 82be188f29d96dc5eff0db7b2393bcc08d2cdd5b
  SCLAlertView: 6a77bb2edfc65e04dbe57725546cb4107a506b85
  SDWebImage: 5bf6aec6481ae2a062bdc59f9d6c1d1e552090e0
  SkeletonView: bb27c39857e5492136f02ee8a3aa78de55d12ecd
  SnapKit: 0de968a9fec17499afa29683b05d0c775b6d1c29
  Then: 90cd104fd951cec1980a03f57704ad8f784d4d79
  Toast-Swift: 9b6a70f28b3bf0b96c40d46c0c4b9d6639846711
  VGPlayer: a1787135559aa3b9201ebdc733ee283315492289
  youtube-ios-player-helper: 21ab92db027c7ff86cb17a3843a3f6eafc8158d2
  YoutubeKit: 10c74151790b570001b19403d2c60b2fb540a1fe
  YouTubePlayer-Swift: ae82f4bcb504162a872b852596a9dc1fa3828c34

PODFILE CHECKSUM: 556b86ec884b893cd9ee9577a3a2e8503c2af24b

COCOAPODS: 1.10.1
